// !$*UTF8*$!
{
	archiveVersion = 1;
	classes = {
	};
	objectVersion = 48;
	objects = {

/* Begin PBXBuildFile section */
		A2D91E73233A1D9400CCE63A /* AppDelegate.swift in Sources */ = {isa = PBXBuildFile; fileRef = A2D91E72233A1D9400CCE63A /* AppDelegate.swift */; };
		A2D91E75233A1D9400CCE63A /* ViewController.swift in Sources */ = {isa = PBXBuildFile; fileRef = A2D91E74233A1D9400CCE63A /* ViewController.swift */; };
		A2D91E78233A1D9400CCE63A /* Main.storyboard in Resources */ = {isa = PBXBuildFile; fileRef = A2D91E76233A1D9400CCE63A /* Main.storyboard */; };
		A2D91E7A233A1D9400CCE63A /* Assets.xcassets in Resources */ = {isa = PBXBuildFile; fileRef = A2D91E79233A1D9400CCE63A /* Assets.xcassets */; };
		A2D91E7D233A1D9400CCE63A /* LaunchScreen.storyboard in Resources */ = {isa = PBXBuildFile; fileRef = A2D91E7B233A1D9400CCE63A /* LaunchScreen.storyboard */; };
		A2D91E85233A1FAF00CCE63A /* CountdownViewController.swift in Sources */ = {isa = PBXBuildFile; fileRef = A2D91E84233A1FAF00CCE63A /* CountdownViewController.swift */; };
/* End PBXBuildFile section */

/* Begin PBXFileReference section */
		A2D91E6F233A1D9400CCE63A /* Lab5.1.app */ = {isa = PBXFileReference; explicitFileType = wrapper.application; includeInIndex = 0; path = Lab5.1.app; sourceTree = BUILT_PRODUCTS_DIR; };
		A2D91E72233A1D9400CCE63A /* AppDelegate.swift */ = {isa = PBXFileReference; lastKnownFileType = sourcecode.swift; path = AppDelegate.swift; sourceTree = "<group>"; };
		A2D91E74233A1D9400CCE63A /* ViewController.swift */ = {isa = PBXFileReference; lastKnownFileType = sourcecode.swift; path = ViewController.swift; sourceTree = "<group>"; };
		A2D91E77233A1D9400CCE63A /* Base */ = {isa = PBXFileReference; lastKnownFileType = file.storyboard; name = Base; path = Base.lproj/Main.storyboard; sourceTree = "<group>"; };
		A2D91E79233A1D9400CCE63A /* Assets.xcassets */ = {isa = PBXFileReference; lastKnownFileType = folder.assetcatalog; path = Assets.xcassets; sourceTree = "<group>"; };
		A2D91E7C233A1D9400CCE63A /* Base */ = {isa = PBXFileReference; lastKnownFileType = file.storyboard; name = Base; path = Base.lproj/LaunchScreen.storyboard; sourceTree = "<group>"; };
		A2D91E7E233A1D9400CCE63A /* Info.plist */ = {isa = PBXFileReference; lastKnownFileType = text.plist.xml; path = Info.plist; sourceTree = "<group>"; };
		A2D91E84233A1FAF00CCE63A /* CountdownViewController.swift */ = {isa = PBXFileReference; lastKnownFileType = sourcecode.swift; path = CountdownViewController.swift; sourceTree = "<group>"; };
/* End PBXFileReference section */

/* Begin PBXFrameworksBuildPhase section */
		A2D91E6C233A1D9400CCE63A /* Frameworks */ = {
			isa = PBXFrameworksBuildPhase;
			buildActionMask = 2147483647;
			files = (
			);
			runOnlyForDeploymentPostprocessing = 0;
		};
/* End PBXFrameworksBuildPhase section */

/* Begin PBXGroup section */
		A2D91E66233A1D9300CCE63A = {
			isa = PBXGroup;
			children = (
				A2D91E71233A1D9400CCE63A /* Lab5.1 */,
			);
			sourceTree = "<group>";
		};
		A2D91E70233A1D9400CCE63A /* Products */ = {
			isa = PBXGroup;
			children = (
				A2D91E6F233A1D9400CCE63A /* Lab5.1.app */,
			);
			name = Products;
			path = ..;
			sourceTree = "<group>";
		};
		A2D91E71233A1D9400CCE63A /* Lab5.1 */ = {
			isa = PBXGroup;
			children = (
				A2D91E72233A1D9400CCE63A /* AppDelegate.swift */,
				A2D91E74233A1D9400CCE63A /* ViewController.swift */,
				A2D91E84233A1FAF00CCE63A /* CountdownViewController.swift */,
				A2D91E76233A1D9400CCE63A /* Main.storyboard */,
				A2D91E79233A1D9400CCE63A /* Assets.xcassets */,
				A2D91E7B233A1D9400CCE63A /* LaunchScreen.storyboard */,
				A2D91E70233A1D9400CCE63A /* Products */,
				A2D91E7E233A1D9400CCE63A /* Info.plist */,
			);
			path = Lab5.1;
			sourceTree = "<group>";
		};
/* End PBXGroup section */

/* Begin PBXNativeTarget section */
		A2D91E6E233A1D9400CCE63A /* Lab5.1 */ = {
			isa = PBXNativeTarget;
			buildConfigurationList = A2D91E81233A1D9400CCE63A /* Build configuration list for PBXNativeTarget "Lab5.1" */;
			buildPhases = (
				A2D91E6B233A1D9400CCE63A /* Sources */,
				A2D91E6C233A1D9400CCE63A /* Frameworks */,
				A2D91E6D233A1D9400CCE63A /* Resources */,
			);
			buildRules = (
			);
			dependencies = (
			);
			name = Lab5.1;
			productName = Lab5.1;
			productReference = A2D91E6F233A1D9400CCE63A /* Lab5.1.app */;
			productType = "com.apple.product-type.application";
		};
/* End PBXNativeTarget section */

/* Begin PBXProject section */
		A2D91E67233A1D9300CCE63A /* Project object */ = {
			isa = PBXProject;
			attributes = {
				LastSwiftUpdateCheck = 0920;
				LastUpgradeCheck = 0920;
				ORGANIZATIONNAME = "Toni K";
				TargetAttributes = {
					A2D91E6E233A1D9400CCE63A = {
						CreatedOnToolsVersion = 9.2;
						ProvisioningStyle = Automatic;
					};
				};
			};
			buildConfigurationList = A2D91E6A233A1D9300CCE63A /* Build configuration list for PBXProject "Lab5.1" */;
			compatibilityVersion = "Xcode 8.0";
			developmentRegion = en;
			hasScannedForEncodings = 0;
			knownRegions = (
				en,
				Base,
			);
			mainGroup = A2D91E66233A1D9300CCE63A;
			productRefGroup = A2D91E70233A1D9400CCE63A /* Products */;
			projectDirPath = "";
			projectRoot = "";
			targets = (
				A2D91E6E233A1D9400CCE63A /* Lab5.1 */,
			);
		};
/* End PBXProject section */

/* Begin PBXResourcesBuildPhase section */
		A2D91E6D233A1D9400CCE63A /* Resources */ = {
			isa = PBXResourcesBuildPhase;
			buildActionMask = 2147483647;
			files = (
				A2D91E7D233A1D9400CCE63A /* LaunchScreen.storyboard in Resources */,
				A2D91E7A233A1D9400CCE63A /* Assets.xcassets in Resources */,
				A2D91E78233A1D9400CCE63A /* Main.storyboard in Resources */,
			);
			runOnlyForDeploymentPostprocessing = 0;
		};
/* End PBXResourcesBuildPhase section */

/* Begin PBXSourcesBuildPhase section */
		A2D91E6B233A1D9400CCE63A /* Sources */ = {
			isa = PBXSourcesBuildPhase;
			buildActionMask = 2147483647;
			files = (
				A2D91E85233A1FAF00CCE63A /* CountdownViewController.swift in Sources */,
				A2D91E75233A1D9400CCE63A /* ViewController.swift in Sources */,
				A2D91E73233A1D9400CCE63A /* AppDelegate.swift in Sources */,
			);
			runOnlyForDeploymentPostprocessing = 0;
		};
/* End PBXSourcesBuildPhase section */

/* Begin PBXVariantGroup section */
		A2D91E76233A1D9400CCE63A /* Main.storyboard */ = {
			isa = PBXVariantGroup;
			children = (
				A2D91E77233A1D9400CCE63A /* Base */,
			);
			name = Main.storyboard;
			sourceTree = "<group>";
		};
		A2D91E7B233A1D9400CCE63A /* LaunchScreen.storyboard */ = {
			isa = PBXVariantGroup;
			children = (
				A2D91E7C233A1D9400CCE63A /* Base */,
			);
			name = LaunchScreen.storyboard;
			sourceTree = "<group>";
		};
/* End PBXVariantGroup section */

/* Begin XCBuildConfiguration section */
		A2D91E7F233A1D9400CCE63A /* Debug */ = {
			isa = XCBuildConfiguration;
			buildSettings = {
				ALWAYS_SEARCH_USER_PATHS = NO;
				CLANG_ANALYZER_NONNULL = YES;
				CLANG_ANALYZER_NUMBER_OBJECT_CONVERSION = YES_AGGRESSIVE;
				CLANG_CXX_LANGUAGE_STANDARD = "gnu++14";
				CLANG_CXX_LIBRARY = "libc++";
				CLANG_ENABLE_MODULES = YES;
				CLANG_ENABLE_OBJC_ARC = YES;
				CLANG_WARN_BLOCK_CAPTURE_AUTORELEASING = YES;
				CLANG_WARN_BOOL_CONVERSION = YES;
				CLANG_WARN_COMMA = YES;
				CLANG_WARN_CONSTANT_CONVERSION = YES;
				CLANG_WARN_DIRECT_OBJC_ISA_USAGE = YES_ERROR;
				CLANG_WARN_DOCUMENTATION_COMMENTS = YES;
				CLANG_WARN_EMPTY_BODY = YES;
				CLANG_WARN_ENUM_CONVERSION = YES;
				CLANG_WARN_INFINITE_RECURSION = YES;
				CLANG_WARN_INT_CONVERSION = YES;
				CLANG_WARN_NON_LITERAL_NULL_CONVERSION = YES;
				CLANG_WARN_OBJC_LITERAL_CONVERSION = YES;
				CLANG_WARN_OBJC_ROOT_CLASS = YES_ERROR;
				CLANG_WARN_RANGE_LOOP_ANALYSIS = YES;
				CLANG_WARN_STRICT_PROTOTYPES = YES;
				CLANG_WARN_SUSPICIOUS_MOVE = YES;
				CLANG_WARN_UNGUARDED_AVAILABILITY = YES_AGGRESSIVE;
				CLANG_WARN_UNREACHABLE_CODE = YES;
				CLANG_WARN__DUPLICATE_METHOD_MATCH = YES;
				CODE_SIGN_IDENTITY = "iPhone Developer";
				COPY_PHASE_STRIP = NO;
				DEBUG_INFORMATION_FORMAT = dwarf;
				ENABLE_STRICT_OBJC_MSGSEND = YES;
				ENABLE_TESTABILITY = YES;
				GCC_C_LANGUAGE_STANDARD = gnu11;
				GCC_DYNAMIC_NO_PIC = NO;
				GCC_NO_COMMON_BLOCKS = YES;
				GCC_OPTIMIZATION_LEVEL = 0;
				GCC_PREPROCESSOR_DEFINITIONS = (
					"DEBUG=1",
					"$(inherited)",
				);
				GCC_WARN_64_TO_32_BIT_CONVERSION = YES;
				GCC_WARN_ABOUT_RETURN_TYPE = YES_ERROR;
				GCC_WARN_UNDECLARED_SELECTOR = YES;
				GCC_WARN_UNINITIALIZED_AUTOS = YES_AGGRESSIVE;
				GCC_WARN_UNUSED_FUNCTION = YES;
				GCC_WARN_UNUSED_VARIABLE = YES;
				IPHONEOS_DEPLOYMENT_TARGET = 11.2;
				MTL_ENABLE_DEBUG_INFO = YES;
				ONLY_ACTIVE_ARCH = YES;
				SDKROOT = iphoneos;
				SWIFT_ACTIVE_COMPILATION_CONDITIONS = DEBUG;
				SWIFT_OPTIMIZATION_LEVEL = "-Onone";
			};
			name = Debug;
		};
		A2D91E80233A1D9400CCE63A /* Release */ = {
			isa = XCBuildConfiguration;
			buildSettings = {
				ALWAYS_SEARCH_USER_PATHS = NO;
				CLANG_ANALYZER_NONNULL = YES;
				CLANG_ANALYZER_NUMBER_OBJECT_CONVERSION = YES_AGGRESSIVE;
				CLANG_CXX_LANGUAGE_STANDARD = "gnu++14";
				CLANG_CXX_LIBRARY = "libc++";
				CLANG_ENABLE_MODULES = YES;
				CLANG_ENABLE_OBJC_ARC = YES;
				CLANG_WARN_BLOCK_CAPTURE_AUTORELEASING = YES;
				CLANG_WARN_BOOL_CONVERSION = YES;
				CLANG_WARN_COMMA = YES;
				CLANG_WARN_CONSTANT_CONVERSION = YES;
				CLANG_WARN_DIRECT_OBJC_ISA_USAGE = YES_ERROR;
				CLANG_WARN_DOCUMENTATION_COMMENTS = YES;
				CLANG_WARN_EMPTY_BODY = YES;
				CLANG_WARN_ENUM_CONVERSION = YES;
				CLANG_WARN_INFINITE_RECURSION = YES;
				CLANG_WARN_INT_CONVERSION = YES;
				CLANG_WARN_NON_LITERAL_NULL_CONVERSION = YES;
				CLANG_WARN_OBJC_LITERAL_CONVERSION = YES;
				CLANG_WARN_OBJC_ROOT_CLASS = YES_ERROR;
				CLANG_WARN_RANGE_LOOP_ANALYSIS = YES;
				CLANG_WARN_STRICT_PROTOTYPES = YES;
				CLANG_WARN_SUSPICIOUS_MOVE = YES;
				CLANG_WARN_UNGUARDED_AVAILABILITY = YES_AGGRESSIVE;
				CLANG_WARN_UNREACHABLE_CODE = YES;
				CLANG_WARN__DUPLICATE_METHOD_MATCH = YES;
				CODE_SIGN_IDENTITY = "iPhone Developer";
				COPY_PHASE_STRIP = NO;
				DEBUG_INFORMATION_FORMAT = "dwarf-with-dsym";
				ENABLE_NS_ASSERTIONS = NO;
				ENABLE_STRICT_OBJC_MSGSEND = YES;
				GCC_C_LANGUAGE_STANDARD = gnu11;
				GCC_NO_COMMON_BLOCKS = YES;
				GCC_WARN_64_TO_32_BIT_CONVERSION = YES;
				GCC_WARN_ABOUT_RETURN_TYPE = YES_ERROR;
				GCC_WARN_UNDECLARED_SELECTOR = YES;
				GCC_WARN_UNINITIALIZED_AUTOS = YES_AGGRESSIVE;
				GCC_WARN_UNUSED_FUNCTION = YES;
				GCC_WARN_UNUSED_VARIABLE = YES;
				IPHONEOS_DEPLOYMENT_TARGET = 11.2;
				MTL_ENABLE_DEBUG_INFO = NO;
				SDKROOT = iphoneos;
				SWIFT_OPTIMIZATION_LEVEL = "-Owholemodule";
				VALIDATE_PRODUCT = YES;
			};
			name = Release;
		};
		A2D91E82233A1D9400CCE63A /* Debug */ = {
			isa = XCBuildConfiguration;
			buildSettings = {
				ASSETCATALOG_COMPILER_APPICON_NAME = AppIcon;
				CODE_SIGN_STYLE = Automatic;
				DEVELOPMENT_TEAM = Q84TDAGXPP;
				INFOPLIST_FILE = Lab5.1/Info.plist;
				LD_RUNPATH_SEARCH_PATHS = "$(inherited) @executable_path/Frameworks";
				PRODUCT_BUNDLE_IDENTIFIER = "com.tonik.Lab5-1";
				PRODUCT_NAME = "$(TARGET_NAME)";
				SWIFT_VERSION = 4.0;
				TARGETED_DEVICE_FAMILY = "1,2";
			};
			name = Debug;
		};
		A2D91E83233A1D9400CCE63A /* Release */ = {
			isa = XCBuildConfiguration;
			buildSettings = {
				ASSETCATALOG_COMPILER_APPICON_NAME = AppIcon;
				CODE_SIGN_STYLE = Automatic;
				DEVELOPMENT_TEAM = Q84TDAGXPP;
				INFOPLIST_FILE = Lab5.1/Info.plist;
				LD_RUNPATH_SEARCH_PATHS = "$(inherited) @executable_path/Frameworks";
				PRODUCT_BUNDLE_IDENTIFIER = "com.tonik.Lab5-1";
				PRODUCT_NAME = "$(TARGET_NAME)";
				SWIFT_VERSION = 4.0;
				TARGETED_DEVICE_FAMILY = "1,2";
			};
			name = Release;
		};
/* End XCBuildConfiguration section */

/* Begin XCConfigurationList section */
		A2D91E6A233A1D9300CCE63A /* Build configuration list for PBXProject "Lab5.1" */ = {
			isa = XCConfigurationList;
			buildConfigurations = (
				A2D91E7F233A1D9400CCE63A /* Debug */,
				A2D91E80233A1D9400CCE63A /* Release */,
			);
			defaultConfigurationIsVisible = 0;
			defaultConfigurationName = Release;
		};
		A2D91E81233A1D9400CCE63A /* Build configuration list for PBXNativeTarget "Lab5.1" */ = {
			isa = XCConfigurationList;
			buildConfigurations = (
				A2D91E82233A1D9400CCE63A /* Debug */,
				A2D91E83233A1D9400CCE63A /* Release */,
			);
			defaultConfigurationIsVisible = 0;
			defaultConfigurationName = Release;
		};
/* End XCConfigurationList section */
	};
	rootObject = A2D91E67233A1D9300CCE63A /* Project object */;
}
