// !$*UTF8*$!
{
	archiveVersion = 1;
	classes = {
	};
	objectVersion = 48;
	objects = {

/* Begin PBXBuildFile section */
		A24477C823324CFE00C4B88B /* AppDelegate.swift in Sources */ = {isa = PBXBuildFile; fileRef = A24477C723324CFE00C4B88B /* AppDelegate.swift */; };
		A24477CA23324CFE00C4B88B /* ViewController.swift in Sources */ = {isa = PBXBuildFile; fileRef = A24477C923324CFE00C4B88B /* ViewController.swift */; };
		A24477CD23324CFE00C4B88B /* Main.storyboard in Resources */ = {isa = PBXBuildFile; fileRef = A24477CB23324CFE00C4B88B /* Main.storyboard */; };
		A24477CF23324CFE00C4B88B /* Assets.xcassets in Resources */ = {isa = PBXBuildFile; fileRef = A24477CE23324CFE00C4B88B /* Assets.xcassets */; };
		A24477D223324CFE00C4B88B /* LaunchScreen.storyboard in Resources */ = {isa = PBXBuildFile; fileRef = A24477D023324CFE00C4B88B /* LaunchScreen.storyboard */; };
		A24477DE2332672E00C4B88B /* NameViewController.swift in Sources */ = {isa = PBXBuildFile; fileRef = A24477DD2332672E00C4B88B /* NameViewController.swift */; };
		A24477E0233269DF00C4B88B /* sunshine.jpg in Resources */ = {isa = PBXBuildFile; fileRef = A24477DF233269DF00C4B88B /* sunshine.jpg */; };
/* End PBXBuildFile section */

/* Begin PBXFileReference section */
		A24477C423324CFE00C4B88B /* Lab4.2.app */ = {isa = PBXFileReference; explicitFileType = wrapper.application; includeInIndex = 0; path = Lab4.2.app; sourceTree = BUILT_PRODUCTS_DIR; };
		A24477C723324CFE00C4B88B /* AppDelegate.swift */ = {isa = PBXFileReference; lastKnownFileType = sourcecode.swift; path = AppDelegate.swift; sourceTree = "<group>"; };
		A24477C923324CFE00C4B88B /* ViewController.swift */ = {isa = PBXFileReference; lastKnownFileType = sourcecode.swift; path = ViewController.swift; sourceTree = "<group>"; };
		A24477CC23324CFE00C4B88B /* Base */ = {isa = PBXFileReference; lastKnownFileType = file.storyboard; name = Base; path = Base.lproj/Main.storyboard; sourceTree = "<group>"; };
		A24477CE23324CFE00C4B88B /* Assets.xcassets */ = {isa = PBXFileReference; lastKnownFileType = folder.assetcatalog; path = Assets.xcassets; sourceTree = "<group>"; };
		A24477D123324CFE00C4B88B /* Base */ = {isa = PBXFileReference; lastKnownFileType = file.storyboard; name = Base; path = Base.lproj/LaunchScreen.storyboard; sourceTree = "<group>"; };
		A24477D323324CFE00C4B88B /* Info.plist */ = {isa = PBXFileReference; lastKnownFileType = text.plist.xml; path = Info.plist; sourceTree = "<group>"; };
		A24477DD2332672E00C4B88B /* NameViewController.swift */ = {isa = PBXFileReference; lastKnownFileType = sourcecode.swift; path = NameViewController.swift; sourceTree = "<group>"; };
		A24477DF233269DF00C4B88B /* sunshine.jpg */ = {isa = PBXFileReference; lastKnownFileType = image.jpeg; path = sunshine.jpg; sourceTree = SOURCE_ROOT; };
/* End PBXFileReference section */

/* Begin PBXFrameworksBuildPhase section */
		A24477C123324CFE00C4B88B /* Frameworks */ = {
			isa = PBXFrameworksBuildPhase;
			buildActionMask = 2147483647;
			files = (
			);
			runOnlyForDeploymentPostprocessing = 0;
		};
/* End PBXFrameworksBuildPhase section */

/* Begin PBXGroup section */
		A24477BB23324CFE00C4B88B = {
			isa = PBXGroup;
			children = (
				A24477C623324CFE00C4B88B /* Lab4.2 */,
				A24477C523324CFE00C4B88B /* Products */,
			);
			sourceTree = "<group>";
		};
		A24477C523324CFE00C4B88B /* Products */ = {
			isa = PBXGroup;
			children = (
				A24477C423324CFE00C4B88B /* Lab4.2.app */,
			);
			name = Products;
			sourceTree = "<group>";
		};
		A24477C623324CFE00C4B88B /* Lab4.2 */ = {
			isa = PBXGroup;
			children = (
				A24477DF233269DF00C4B88B /* sunshine.jpg */,
				A24477C723324CFE00C4B88B /* AppDelegate.swift */,
				A24477C923324CFE00C4B88B /* ViewController.swift */,
				A24477CB23324CFE00C4B88B /* Main.storyboard */,
				A24477CE23324CFE00C4B88B /* Assets.xcassets */,
				A24477D023324CFE00C4B88B /* LaunchScreen.storyboard */,
				A24477D323324CFE00C4B88B /* Info.plist */,
				A24477DD2332672E00C4B88B /* NameViewController.swift */,
			);
			path = Lab4.2;
			sourceTree = "<group>";
		};
/* End PBXGroup section */

/* Begin PBXNativeTarget section */
		A24477C323324CFE00C4B88B /* Lab4.2 */ = {
			isa = PBXNativeTarget;
			buildConfigurationList = A24477D623324CFE00C4B88B /* Build configuration list for PBXNativeTarget "Lab4.2" */;
			buildPhases = (
				A24477C023324CFE00C4B88B /* Sources */,
				A24477C123324CFE00C4B88B /* Frameworks */,
				A24477C223324CFE00C4B88B /* Resources */,
			);
			buildRules = (
			);
			dependencies = (
			);
			name = Lab4.2;
			productName = Lab4.2;
			productReference = A24477C423324CFE00C4B88B /* Lab4.2.app */;
			productType = "com.apple.product-type.application";
		};
/* End PBXNativeTarget section */

/* Begin PBXProject section */
		A24477BC23324CFE00C4B88B /* Project object */ = {
			isa = PBXProject;
			attributes = {
				LastSwiftUpdateCheck = 0920;
				LastUpgradeCheck = 0920;
				ORGANIZATIONNAME = "Toni K";
				TargetAttributes = {
					A24477C323324CFE00C4B88B = {
						CreatedOnToolsVersion = 9.2;
						ProvisioningStyle = Automatic;
					};
				};
			};
			buildConfigurationList = A24477BF23324CFE00C4B88B /* Build configuration list for PBXProject "Lab4.2" */;
			compatibilityVersion = "Xcode 8.0";
			developmentRegion = en;
			hasScannedForEncodings = 0;
			knownRegions = (
				en,
				Base,
			);
			mainGroup = A24477BB23324CFE00C4B88B;
			productRefGroup = A24477C523324CFE00C4B88B /* Products */;
			projectDirPath = "";
			projectRoot = "";
			targets = (
				A24477C323324CFE00C4B88B /* Lab4.2 */,
			);
		};
/* End PBXProject section */

/* Begin PBXResourcesBuildPhase section */
		A24477C223324CFE00C4B88B /* Resources */ = {
			isa = PBXResourcesBuildPhase;
			buildActionMask = 2147483647;
			files = (
				A24477E0233269DF00C4B88B /* sunshine.jpg in Resources */,
				A24477D223324CFE00C4B88B /* LaunchScreen.storyboard in Resources */,
				A24477CF23324CFE00C4B88B /* Assets.xcassets in Resources */,
				A24477CD23324CFE00C4B88B /* Main.storyboard in Resources */,
			);
			runOnlyForDeploymentPostprocessing = 0;
		};
/* End PBXResourcesBuildPhase section */

/* Begin PBXSourcesBuildPhase section */
		A24477C023324CFE00C4B88B /* Sources */ = {
			isa = PBXSourcesBuildPhase;
			buildActionMask = 2147483647;
			files = (
				A24477CA23324CFE00C4B88B /* ViewController.swift in Sources */,
				A24477C823324CFE00C4B88B /* AppDelegate.swift in Sources */,
				A24477DE2332672E00C4B88B /* NameViewController.swift in Sources */,
			);
			runOnlyForDeploymentPostprocessing = 0;
		};
/* End PBXSourcesBuildPhase section */

/* Begin PBXVariantGroup section */
		A24477CB23324CFE00C4B88B /* Main.storyboard */ = {
			isa = PBXVariantGroup;
			children = (
				A24477CC23324CFE00C4B88B /* Base */,
			);
			name = Main.storyboard;
			sourceTree = "<group>";
		};
		A24477D023324CFE00C4B88B /* LaunchScreen.storyboard */ = {
			isa = PBXVariantGroup;
			children = (
				A24477D123324CFE00C4B88B /* Base */,
			);
			name = LaunchScreen.storyboard;
			sourceTree = "<group>";
		};
/* End PBXVariantGroup section */

/* Begin XCBuildConfiguration section */
		A24477D423324CFE00C4B88B /* Debug */ = {
			isa = XCBuildConfiguration;
			buildSettings = {
				ALWAYS_SEARCH_USER_PATHS = NO;
				CLANG_ANALYZER_NONNULL = YES;
				CLANG_ANALYZER_NUMBER_OBJECT_CONVERSION = YES_AGGRESSIVE;
				CLANG_CXX_LANGUAGE_STANDARD = "gnu++14";
				CLANG_CXX_LIBRARY = "libc++";
				CLANG_ENABLE_MODULES = YES;
				CLANG_ENABLE_OBJC_ARC = YES;
				CLANG_WARN_BLOCK_CAPTURE_AUTORELEASING = YES;
				CLANG_WARN_BOOL_CONVERSION = YES;
				CLANG_WARN_COMMA = YES;
				CLANG_WARN_CONSTANT_CONVERSION = YES;
				CLANG_WARN_DIRECT_OBJC_ISA_USAGE = YES_ERROR;
				CLANG_WARN_DOCUMENTATION_COMMENTS = YES;
				CLANG_WARN_EMPTY_BODY = YES;
				CLANG_WARN_ENUM_CONVERSION = YES;
				CLANG_WARN_INFINITE_RECURSION = YES;
				CLANG_WARN_INT_CONVERSION = YES;
				CLANG_WARN_NON_LITERAL_NULL_CONVERSION = YES;
				CLANG_WARN_OBJC_LITERAL_CONVERSION = YES;
				CLANG_WARN_OBJC_ROOT_CLASS = YES_ERROR;
				CLANG_WARN_RANGE_LOOP_ANALYSIS = YES;
				CLANG_WARN_STRICT_PROTOTYPES = YES;
				CLANG_WARN_SUSPICIOUS_MOVE = YES;
				CLANG_WARN_UNGUARDED_AVAILABILITY = YES_AGGRESSIVE;
				CLANG_WARN_UNREACHABLE_CODE = YES;
				CLANG_WARN__DUPLICATE_METHOD_MATCH = YES;
				CODE_SIGN_IDENTITY = "iPhone Developer";
				COPY_PHASE_STRIP = NO;
				DEBUG_INFORMATION_FORMAT = dwarf;
				ENABLE_STRICT_OBJC_MSGSEND = YES;
				ENABLE_TESTABILITY = YES;
				GCC_C_LANGUAGE_STANDARD = gnu11;
				GCC_DYNAMIC_NO_PIC = NO;
				GCC_NO_COMMON_BLOCKS = YES;
				GCC_OPTIMIZATION_LEVEL = 0;
				GCC_PREPROCESSOR_DEFINITIONS = (
					"DEBUG=1",
					"$(inherited)",
				);
				GCC_WARN_64_TO_32_BIT_CONVERSION = YES;
				GCC_WARN_ABOUT_RETURN_TYPE = YES_ERROR;
				GCC_WARN_UNDECLARED_SELECTOR = YES;
				GCC_WARN_UNINITIALIZED_AUTOS = YES_AGGRESSIVE;
				GCC_WARN_UNUSED_FUNCTION = YES;
				GCC_WARN_UNUSED_VARIABLE = YES;
				IPHONEOS_DEPLOYMENT_TARGET = 11.2;
				MTL_ENABLE_DEBUG_INFO = YES;
				ONLY_ACTIVE_ARCH = YES;
				SDKROOT = iphoneos;
				SWIFT_ACTIVE_COMPILATION_CONDITIONS = DEBUG;
				SWIFT_OPTIMIZATION_LEVEL = "-Onone";
			};
			name = Debug;
		};
		A24477D523324CFE00C4B88B /* Release */ = {
			isa = XCBuildConfiguration;
			buildSettings = {
				ALWAYS_SEARCH_USER_PATHS = NO;
				CLANG_ANALYZER_NONNULL = YES;
				CLANG_ANALYZER_NUMBER_OBJECT_CONVERSION = YES_AGGRESSIVE;
				CLANG_CXX_LANGUAGE_STANDARD = "gnu++14";
				CLANG_CXX_LIBRARY = "libc++";
				CLANG_ENABLE_MODULES = YES;
				CLANG_ENABLE_OBJC_ARC = YES;
				CLANG_WARN_BLOCK_CAPTURE_AUTORELEASING = YES;
				CLANG_WARN_BOOL_CONVERSION = YES;
				CLANG_WARN_COMMA = YES;
				CLANG_WARN_CONSTANT_CONVERSION = YES;
				CLANG_WARN_DIRECT_OBJC_ISA_USAGE = YES_ERROR;
				CLANG_WARN_DOCUMENTATION_COMMENTS = YES;
				CLANG_WARN_EMPTY_BODY = YES;
				CLANG_WARN_ENUM_CONVERSION = YES;
				CLANG_WARN_INFINITE_RECURSION = YES;
				CLANG_WARN_INT_CONVERSION = YES;
				CLANG_WARN_NON_LITERAL_NULL_CONVERSION = YES;
				CLANG_WARN_OBJC_LITERAL_CONVERSION = YES;
				CLANG_WARN_OBJC_ROOT_CLASS = YES_ERROR;
				CLANG_WARN_RANGE_LOOP_ANALYSIS = YES;
				CLANG_WARN_STRICT_PROTOTYPES = YES;
				CLANG_WARN_SUSPICIOUS_MOVE = YES;
				CLANG_WARN_UNGUARDED_AVAILABILITY = YES_AGGRESSIVE;
				CLANG_WARN_UNREACHABLE_CODE = YES;
				CLANG_WARN__DUPLICATE_METHOD_MATCH = YES;
				CODE_SIGN_IDENTITY = "iPhone Developer";
				COPY_PHASE_STRIP = NO;
				DEBUG_INFORMATION_FORMAT = "dwarf-with-dsym";
				ENABLE_NS_ASSERTIONS = NO;
				ENABLE_STRICT_OBJC_MSGSEND = YES;
				GCC_C_LANGUAGE_STANDARD = gnu11;
				GCC_NO_COMMON_BLOCKS = YES;
				GCC_WARN_64_TO_32_BIT_CONVERSION = YES;
				GCC_WARN_ABOUT_RETURN_TYPE = YES_ERROR;
				GCC_WARN_UNDECLARED_SELECTOR = YES;
				GCC_WARN_UNINITIALIZED_AUTOS = YES_AGGRESSIVE;
				GCC_WARN_UNUSED_FUNCTION = YES;
				GCC_WARN_UNUSED_VARIABLE = YES;
				IPHONEOS_DEPLOYMENT_TARGET = 11.2;
				MTL_ENABLE_DEBUG_INFO = NO;
				SDKROOT = iphoneos;
				SWIFT_OPTIMIZATION_LEVEL = "-Owholemodule";
				VALIDATE_PRODUCT = YES;
			};
			name = Release;
		};
		A24477D723324CFE00C4B88B /* Debug */ = {
			isa = XCBuildConfiguration;
			buildSettings = {
				ASSETCATALOG_COMPILER_APPICON_NAME = AppIcon;
				CODE_SIGN_STYLE = Automatic;
				DEVELOPMENT_TEAM = Q84TDAGXPP;
				INFOPLIST_FILE = Lab4.2/Info.plist;
				LD_RUNPATH_SEARCH_PATHS = "$(inherited) @executable_path/Frameworks";
				PRODUCT_BUNDLE_IDENTIFIER = "com.tonik.Lab4-2";
				PRODUCT_NAME = "$(TARGET_NAME)";
				SWIFT_VERSION = 4.0;
				TARGETED_DEVICE_FAMILY = "1,2";
			};
			name = Debug;
		};
		A24477D823324CFE00C4B88B /* Release */ = {
			isa = XCBuildConfiguration;
			buildSettings = {
				ASSETCATALOG_COMPILER_APPICON_NAME = AppIcon;
				CODE_SIGN_STYLE = Automatic;
				DEVELOPMENT_TEAM = Q84TDAGXPP;
				INFOPLIST_FILE = Lab4.2/Info.plist;
				LD_RUNPATH_SEARCH_PATHS = "$(inherited) @executable_path/Frameworks";
				PRODUCT_BUNDLE_IDENTIFIER = "com.tonik.Lab4-2";
				PRODUCT_NAME = "$(TARGET_NAME)";
				SWIFT_VERSION = 4.0;
				TARGETED_DEVICE_FAMILY = "1,2";
			};
			name = Release;
		};
/* End XCBuildConfiguration section */

/* Begin XCConfigurationList section */
		A24477BF23324CFE00C4B88B /* Build configuration list for PBXProject "Lab4.2" */ = {
			isa = XCConfigurationList;
			buildConfigurations = (
				A24477D423324CFE00C4B88B /* Debug */,
				A24477D523324CFE00C4B88B /* Release */,
			);
			defaultConfigurationIsVisible = 0;
			defaultConfigurationName = Release;
		};
		A24477D623324CFE00C4B88B /* Build configuration list for PBXNativeTarget "Lab4.2" */ = {
			isa = XCConfigurationList;
			buildConfigurations = (
				A24477D723324CFE00C4B88B /* Debug */,
				A24477D823324CFE00C4B88B /* Release */,
			);
			defaultConfigurationIsVisible = 0;
			defaultConfigurationName = Release;
		};
/* End XCConfigurationList section */
	};
	rootObject = A24477BC23324CFE00C4B88B /* Project object */;
}
