// !$*UTF8*$!
{
	archiveVersion = 1;
	classes = {
	};
	objectVersion = 48;
	objects = {

/* Begin PBXBuildFile section */
		0F9014616E56876412750C08 /* Pods_Lab6_2.framework in Frameworks */ = {isa = PBXBuildFile; fileRef = F35AE09A55FD7365D84AE7CD /* Pods_Lab6_2.framework */; };
		A28A729023539BAB00A4AB64 /* ImageViewController.swift in Sources */ = {isa = PBXBuildFile; fileRef = A28A728F23539BAB00A4AB64 /* ImageViewController.swift */; };
		A2A1085723538909001DACD9 /* AppDelegate.swift in Sources */ = {isa = PBXBuildFile; fileRef = A2A1085623538909001DACD9 /* AppDelegate.swift */; };
		A2A1085923538909001DACD9 /* ViewController.swift in Sources */ = {isa = PBXBuildFile; fileRef = A2A1085823538909001DACD9 /* ViewController.swift */; };
		A2A1085C23538909001DACD9 /* Main.storyboard in Resources */ = {isa = PBXBuildFile; fileRef = A2A1085A23538909001DACD9 /* Main.storyboard */; };
		A2A1085E23538909001DACD9 /* Assets.xcassets in Resources */ = {isa = PBXBuildFile; fileRef = A2A1085D23538909001DACD9 /* Assets.xcassets */; };
		A2A1086123538909001DACD9 /* LaunchScreen.storyboard in Resources */ = {isa = PBXBuildFile; fileRef = A2A1085F23538909001DACD9 /* LaunchScreen.storyboard */; };
/* End PBXBuildFile section */

/* Begin PBXFileReference section */
		A28A728C235394A300A4AB64 /* Lab6.2-Bridging-Header.h */ = {isa = PBXFileReference; lastKnownFileType = sourcecode.c.h; path = "Lab6.2-Bridging-Header.h"; sourceTree = "<group>"; };
		A28A728F23539BAB00A4AB64 /* ImageViewController.swift */ = {isa = PBXFileReference; lastKnownFileType = sourcecode.swift; path = ImageViewController.swift; sourceTree = "<group>"; };
		A2A1085323538909001DACD9 /* Lab6.2.app */ = {isa = PBXFileReference; explicitFileType = wrapper.application; includeInIndex = 0; path = Lab6.2.app; sourceTree = BUILT_PRODUCTS_DIR; };
		A2A1085623538909001DACD9 /* AppDelegate.swift */ = {isa = PBXFileReference; lastKnownFileType = sourcecode.swift; path = AppDelegate.swift; sourceTree = "<group>"; };
		A2A1085823538909001DACD9 /* ViewController.swift */ = {isa = PBXFileReference; lastKnownFileType = sourcecode.swift; path = ViewController.swift; sourceTree = "<group>"; };
		A2A1085B23538909001DACD9 /* Base */ = {isa = PBXFileReference; lastKnownFileType = file.storyboard; name = Base; path = Base.lproj/Main.storyboard; sourceTree = "<group>"; };
		A2A1085D23538909001DACD9 /* Assets.xcassets */ = {isa = PBXFileReference; lastKnownFileType = folder.assetcatalog; path = Assets.xcassets; sourceTree = "<group>"; };
		A2A1086023538909001DACD9 /* Base */ = {isa = PBXFileReference; lastKnownFileType = file.storyboard; name = Base; path = Base.lproj/LaunchScreen.storyboard; sourceTree = "<group>"; };
		A2A1086223538909001DACD9 /* Info.plist */ = {isa = PBXFileReference; lastKnownFileType = text.plist.xml; path = Info.plist; sourceTree = "<group>"; };
		C4E3090CED360FD229C720B3 /* Pods-Lab6.2.release.xcconfig */ = {isa = PBXFileReference; includeInIndex = 1; lastKnownFileType = text.xcconfig; name = "Pods-Lab6.2.release.xcconfig"; path = "Target Support Files/Pods-Lab6.2/Pods-Lab6.2.release.xcconfig"; sourceTree = "<group>"; };
		F35AE09A55FD7365D84AE7CD /* Pods_Lab6_2.framework */ = {isa = PBXFileReference; explicitFileType = wrapper.framework; includeInIndex = 0; path = Pods_Lab6_2.framework; sourceTree = BUILT_PRODUCTS_DIR; };
		F5A7136C63AC758BDE7BFB0D /* Pods-Lab6.2.debug.xcconfig */ = {isa = PBXFileReference; includeInIndex = 1; lastKnownFileType = text.xcconfig; name = "Pods-Lab6.2.debug.xcconfig"; path = "Target Support Files/Pods-Lab6.2/Pods-Lab6.2.debug.xcconfig"; sourceTree = "<group>"; };
/* End PBXFileReference section */

/* Begin PBXFrameworksBuildPhase section */
		A2A1085023538909001DACD9 /* Frameworks */ = {
			isa = PBXFrameworksBuildPhase;
			buildActionMask = 2147483647;
			files = (
				0F9014616E56876412750C08 /* Pods_Lab6_2.framework in Frameworks */,
			);
			runOnlyForDeploymentPostprocessing = 0;
		};
/* End PBXFrameworksBuildPhase section */

/* Begin PBXGroup section */
		03CE5D0769E60B9A15548342 /* Pods */ = {
			isa = PBXGroup;
			children = (
				F5A7136C63AC758BDE7BFB0D /* Pods-Lab6.2.debug.xcconfig */,
				C4E3090CED360FD229C720B3 /* Pods-Lab6.2.release.xcconfig */,
			);
			path = Pods;
			sourceTree = "<group>";
		};
		A2A1084A23538909001DACD9 = {
			isa = PBXGroup;
			children = (
				A2A1085523538909001DACD9 /* Lab6.2 */,
				A2A1085423538909001DACD9 /* Products */,
				03CE5D0769E60B9A15548342 /* Pods */,
				B5FE07720C9FA27DBCE0671E /* Frameworks */,
			);
			sourceTree = "<group>";
		};
		A2A1085423538909001DACD9 /* Products */ = {
			isa = PBXGroup;
			children = (
				A2A1085323538909001DACD9 /* Lab6.2.app */,
			);
			name = Products;
			sourceTree = "<group>";
		};
		A2A1085523538909001DACD9 /* Lab6.2 */ = {
			isa = PBXGroup;
			children = (
				A2A1085623538909001DACD9 /* AppDelegate.swift */,
				A2A1085823538909001DACD9 /* ViewController.swift */,
				A2A1085A23538909001DACD9 /* Main.storyboard */,
				A28A728F23539BAB00A4AB64 /* ImageViewController.swift */,
				A2A1085D23538909001DACD9 /* Assets.xcassets */,
				A2A1085F23538909001DACD9 /* LaunchScreen.storyboard */,
				A2A1086223538909001DACD9 /* Info.plist */,
				A28A728C235394A300A4AB64 /* Lab6.2-Bridging-Header.h */,
			);
			path = Lab6.2;
			sourceTree = "<group>";
		};
		B5FE07720C9FA27DBCE0671E /* Frameworks */ = {
			isa = PBXGroup;
			children = (
				F35AE09A55FD7365D84AE7CD /* Pods_Lab6_2.framework */,
			);
			name = Frameworks;
			sourceTree = "<group>";
		};
/* End PBXGroup section */

/* Begin PBXNativeTarget section */
		A2A1085223538909001DACD9 /* Lab6.2 */ = {
			isa = PBXNativeTarget;
			buildConfigurationList = A2A1086523538909001DACD9 /* Build configuration list for PBXNativeTarget "Lab6.2" */;
			buildPhases = (
				0CC468AE0079F8A477A4BA41 /* [CP] Check Pods Manifest.lock */,
				A2A1084F23538909001DACD9 /* Sources */,
				A2A1085023538909001DACD9 /* Frameworks */,
				A2A1085123538909001DACD9 /* Resources */,
				4D4EF0DD5AE122F11D9867D8 /* [CP] Embed Pods Frameworks */,
			);
			buildRules = (
			);
			dependencies = (
			);
			name = Lab6.2;
			productName = Lab6.2;
			productReference = A2A1085323538909001DACD9 /* Lab6.2.app */;
			productType = "com.apple.product-type.application";
		};
/* End PBXNativeTarget section */

/* Begin PBXProject section */
		A2A1084B23538909001DACD9 /* Project object */ = {
			isa = PBXProject;
			attributes = {
				LastSwiftUpdateCheck = 0920;
				LastUpgradeCheck = 0920;
				ORGANIZATIONNAME = "Toni K";
				TargetAttributes = {
					A2A1085223538909001DACD9 = {
						CreatedOnToolsVersion = 9.2;
						LastSwiftMigration = 0920;
						ProvisioningStyle = Automatic;
					};
				};
			};
			buildConfigurationList = A2A1084E23538909001DACD9 /* Build configuration list for PBXProject "Lab6.2" */;
			compatibilityVersion = "Xcode 8.0";
			developmentRegion = en;
			hasScannedForEncodings = 0;
			knownRegions = (
				en,
				Base,
			);
			mainGroup = A2A1084A23538909001DACD9;
			productRefGroup = A2A1085423538909001DACD9 /* Products */;
			projectDirPath = "";
			projectRoot = "";
			targets = (
				A2A1085223538909001DACD9 /* Lab6.2 */,
			);
		};
/* End PBXProject section */

/* Begin PBXResourcesBuildPhase section */
		A2A1085123538909001DACD9 /* Resources */ = {
			isa = PBXResourcesBuildPhase;
			buildActionMask = 2147483647;
			files = (
				A2A1086123538909001DACD9 /* LaunchScreen.storyboard in Resources */,
				A2A1085E23538909001DACD9 /* Assets.xcassets in Resources */,
				A2A1085C23538909001DACD9 /* Main.storyboard in Resources */,
			);
			runOnlyForDeploymentPostprocessing = 0;
		};
/* End PBXResourcesBuildPhase section */

/* Begin PBXShellScriptBuildPhase section */
		0CC468AE0079F8A477A4BA41 /* [CP] Check Pods Manifest.lock */ = {
			isa = PBXShellScriptBuildPhase;
			buildActionMask = 2147483647;
			files = (
			);
			inputPaths = (
				"${PODS_PODFILE_DIR_PATH}/Podfile.lock",
				"${PODS_ROOT}/Manifest.lock",
			);
			name = "[CP] Check Pods Manifest.lock";
			outputPaths = (
				"$(DERIVED_FILE_DIR)/Pods-Lab6.2-checkManifestLockResult.txt",
			);
			runOnlyForDeploymentPostprocessing = 0;
			shellPath = /bin/sh;
			shellScript = "diff \"${PODS_PODFILE_DIR_PATH}/Podfile.lock\" \"${PODS_ROOT}/Manifest.lock\" > /dev/null\nif [ $? != 0 ] ; then\n    # print error to STDERR\n    echo \"error: The sandbox is not in sync with the Podfile.lock. Run 'pod install' or update your CocoaPods installation.\" >&2\n    exit 1\nfi\n# This output is used by Xcode 'outputs' to avoid re-running this script phase.\necho \"SUCCESS\" > \"${SCRIPT_OUTPUT_FILE_0}\"\n";
			showEnvVarsInLog = 0;
		};
		4D4EF0DD5AE122F11D9867D8 /* [CP] Embed Pods Frameworks */ = {
			isa = PBXShellScriptBuildPhase;
			buildActionMask = 2147483647;
			files = (
			);
			inputPaths = (
				"${PODS_ROOT}/Target Support Files/Pods-Lab6.2/Pods-Lab6.2-frameworks.sh",
				"${BUILT_PRODUCTS_DIR}/SDWebImage/SDWebImage.framework",
				"${BUILT_PRODUCTS_DIR}/SVProgressHUD/SVProgressHUD.framework",
			);
			name = "[CP] Embed Pods Frameworks";
			outputPaths = (
				"${TARGET_BUILD_DIR}/${FRAMEWORKS_FOLDER_PATH}/SDWebImage.framework",
				"${TARGET_BUILD_DIR}/${FRAMEWORKS_FOLDER_PATH}/SVProgressHUD.framework",
			);
			runOnlyForDeploymentPostprocessing = 0;
			shellPath = /bin/sh;
			shellScript = "\"${PODS_ROOT}/Target Support Files/Pods-Lab6.2/Pods-Lab6.2-frameworks.sh\"\n";
			showEnvVarsInLog = 0;
		};
/* End PBXShellScriptBuildPhase section */

/* Begin PBXSourcesBuildPhase section */
		A2A1084F23538909001DACD9 /* Sources */ = {
			isa = PBXSourcesBuildPhase;
			buildActionMask = 2147483647;
			files = (
				A2A1085923538909001DACD9 /* ViewController.swift in Sources */,
				A28A729023539BAB00A4AB64 /* ImageViewController.swift in Sources */,
				A2A1085723538909001DACD9 /* AppDelegate.swift in Sources */,
			);
			runOnlyForDeploymentPostprocessing = 0;
		};
/* End PBXSourcesBuildPhase section */

/* Begin PBXVariantGroup section */
		A2A1085A23538909001DACD9 /* Main.storyboard */ = {
			isa = PBXVariantGroup;
			children = (
				A2A1085B23538909001DACD9 /* Base */,
			);
			name = Main.storyboard;
			sourceTree = "<group>";
		};
		A2A1085F23538909001DACD9 /* LaunchScreen.storyboard */ = {
			isa = PBXVariantGroup;
			children = (
				A2A1086023538909001DACD9 /* Base */,
			);
			name = LaunchScreen.storyboard;
			sourceTree = "<group>";
		};
/* End PBXVariantGroup section */

/* Begin XCBuildConfiguration section */
		A2A1086323538909001DACD9 /* Debug */ = {
			isa = XCBuildConfiguration;
			buildSettings = {
				ALWAYS_SEARCH_USER_PATHS = NO;
				CLANG_ANALYZER_NONNULL = YES;
				CLANG_ANALYZER_NUMBER_OBJECT_CONVERSION = YES_AGGRESSIVE;
				CLANG_CXX_LANGUAGE_STANDARD = "gnu++14";
				CLANG_CXX_LIBRARY = "libc++";
				CLANG_ENABLE_MODULES = YES;
				CLANG_ENABLE_OBJC_ARC = YES;
				CLANG_WARN_BLOCK_CAPTURE_AUTORELEASING = YES;
				CLANG_WARN_BOOL_CONVERSION = YES;
				CLANG_WARN_COMMA = YES;
				CLANG_WARN_CONSTANT_CONVERSION = YES;
				CLANG_WARN_DIRECT_OBJC_ISA_USAGE = YES_ERROR;
				CLANG_WARN_DOCUMENTATION_COMMENTS = YES;
				CLANG_WARN_EMPTY_BODY = YES;
				CLANG_WARN_ENUM_CONVERSION = YES;
				CLANG_WARN_INFINITE_RECURSION = YES;
				CLANG_WARN_INT_CONVERSION = YES;
				CLANG_WARN_NON_LITERAL_NULL_CONVERSION = YES;
				CLANG_WARN_OBJC_LITERAL_CONVERSION = YES;
				CLANG_WARN_OBJC_ROOT_CLASS = YES_ERROR;
				CLANG_WARN_RANGE_LOOP_ANALYSIS = YES;
				CLANG_WARN_STRICT_PROTOTYPES = YES;
				CLANG_WARN_SUSPICIOUS_MOVE = YES;
				CLANG_WARN_UNGUARDED_AVAILABILITY = YES_AGGRESSIVE;
				CLANG_WARN_UNREACHABLE_CODE = YES;
				CLANG_WARN__DUPLICATE_METHOD_MATCH = YES;
				CODE_SIGN_IDENTITY = "iPhone Developer";
				COPY_PHASE_STRIP = NO;
				DEBUG_INFORMATION_FORMAT = dwarf;
				ENABLE_STRICT_OBJC_MSGSEND = YES;
				ENABLE_TESTABILITY = YES;
				GCC_C_LANGUAGE_STANDARD = gnu11;
				GCC_DYNAMIC_NO_PIC = NO;
				GCC_NO_COMMON_BLOCKS = YES;
				GCC_OPTIMIZATION_LEVEL = 0;
				GCC_PREPROCESSOR_DEFINITIONS = (
					"DEBUG=1",
					"$(inherited)",
				);
				GCC_WARN_64_TO_32_BIT_CONVERSION = YES;
				GCC_WARN_ABOUT_RETURN_TYPE = YES_ERROR;
				GCC_WARN_UNDECLARED_SELECTOR = YES;
				GCC_WARN_UNINITIALIZED_AUTOS = YES_AGGRESSIVE;
				GCC_WARN_UNUSED_FUNCTION = YES;
				GCC_WARN_UNUSED_VARIABLE = YES;
				IPHONEOS_DEPLOYMENT_TARGET = 11.2;
				MTL_ENABLE_DEBUG_INFO = YES;
				ONLY_ACTIVE_ARCH = YES;
				SDKROOT = iphoneos;
				SWIFT_ACTIVE_COMPILATION_CONDITIONS = DEBUG;
				SWIFT_OPTIMIZATION_LEVEL = "-Onone";
			};
			name = Debug;
		};
		A2A1086423538909001DACD9 /* Release */ = {
			isa = XCBuildConfiguration;
			buildSettings = {
				ALWAYS_SEARCH_USER_PATHS = NO;
				CLANG_ANALYZER_NONNULL = YES;
				CLANG_ANALYZER_NUMBER_OBJECT_CONVERSION = YES_AGGRESSIVE;
				CLANG_CXX_LANGUAGE_STANDARD = "gnu++14";
				CLANG_CXX_LIBRARY = "libc++";
				CLANG_ENABLE_MODULES = YES;
				CLANG_ENABLE_OBJC_ARC = YES;
				CLANG_WARN_BLOCK_CAPTURE_AUTORELEASING = YES;
				CLANG_WARN_BOOL_CONVERSION = YES;
				CLANG_WARN_COMMA = YES;
				CLANG_WARN_CONSTANT_CONVERSION = YES;
				CLANG_WARN_DIRECT_OBJC_ISA_USAGE = YES_ERROR;
				CLANG_WARN_DOCUMENTATION_COMMENTS = YES;
				CLANG_WARN_EMPTY_BODY = YES;
				CLANG_WARN_ENUM_CONVERSION = YES;
				CLANG_WARN_INFINITE_RECURSION = YES;
				CLANG_WARN_INT_CONVERSION = YES;
				CLANG_WARN_NON_LITERAL_NULL_CONVERSION = YES;
				CLANG_WARN_OBJC_LITERAL_CONVERSION = YES;
				CLANG_WARN_OBJC_ROOT_CLASS = YES_ERROR;
				CLANG_WARN_RANGE_LOOP_ANALYSIS = YES;
				CLANG_WARN_STRICT_PROTOTYPES = YES;
				CLANG_WARN_SUSPICIOUS_MOVE = YES;
				CLANG_WARN_UNGUARDED_AVAILABILITY = YES_AGGRESSIVE;
				CLANG_WARN_UNREACHABLE_CODE = YES;
				CLANG_WARN__DUPLICATE_METHOD_MATCH = YES;
				CODE_SIGN_IDENTITY = "iPhone Developer";
				COPY_PHASE_STRIP = NO;
				DEBUG_INFORMATION_FORMAT = "dwarf-with-dsym";
				ENABLE_NS_ASSERTIONS = NO;
				ENABLE_STRICT_OBJC_MSGSEND = YES;
				GCC_C_LANGUAGE_STANDARD = gnu11;
				GCC_NO_COMMON_BLOCKS = YES;
				GCC_WARN_64_TO_32_BIT_CONVERSION = YES;
				GCC_WARN_ABOUT_RETURN_TYPE = YES_ERROR;
				GCC_WARN_UNDECLARED_SELECTOR = YES;
				GCC_WARN_UNINITIALIZED_AUTOS = YES_AGGRESSIVE;
				GCC_WARN_UNUSED_FUNCTION = YES;
				GCC_WARN_UNUSED_VARIABLE = YES;
				IPHONEOS_DEPLOYMENT_TARGET = 11.2;
				MTL_ENABLE_DEBUG_INFO = NO;
				SDKROOT = iphoneos;
				SWIFT_OPTIMIZATION_LEVEL = "-Owholemodule";
				VALIDATE_PRODUCT = YES;
			};
			name = Release;
		};
		A2A1086623538909001DACD9 /* Debug */ = {
			isa = XCBuildConfiguration;
			baseConfigurationReference = F5A7136C63AC758BDE7BFB0D /* Pods-Lab6.2.debug.xcconfig */;
			buildSettings = {
				ASSETCATALOG_COMPILER_APPICON_NAME = AppIcon;
				CLANG_ENABLE_MODULES = YES;
				CODE_SIGN_STYLE = Automatic;
				DEVELOPMENT_TEAM = Q84TDAGXPP;
				INFOPLIST_FILE = Lab6.2/Info.plist;
				LD_RUNPATH_SEARCH_PATHS = "$(inherited) @executable_path/Frameworks";
				PRODUCT_BUNDLE_IDENTIFIER = "com.tonik.Lab6-2";
				PRODUCT_NAME = "$(TARGET_NAME)";
				SWIFT_OBJC_BRIDGING_HEADER = "Lab6.2/Lab6.2-Bridging-Header.h";
				SWIFT_OPTIMIZATION_LEVEL = "-Onone";
				SWIFT_VERSION = 4.0;
				TARGETED_DEVICE_FAMILY = "1,2";
			};
			name = Debug;
		};
		A2A1086723538909001DACD9 /* Release */ = {
			isa = XCBuildConfiguration;
			baseConfigurationReference = C4E3090CED360FD229C720B3 /* Pods-Lab6.2.release.xcconfig */;
			buildSettings = {
				ASSETCATALOG_COMPILER_APPICON_NAME = AppIcon;
				CLANG_ENABLE_MODULES = YES;
				CODE_SIGN_STYLE = Automatic;
				DEVELOPMENT_TEAM = Q84TDAGXPP;
				INFOPLIST_FILE = Lab6.2/Info.plist;
				LD_RUNPATH_SEARCH_PATHS = "$(inherited) @executable_path/Frameworks";
				PRODUCT_BUNDLE_IDENTIFIER = "com.tonik.Lab6-2";
				PRODUCT_NAME = "$(TARGET_NAME)";
				SWIFT_OBJC_BRIDGING_HEADER = "Lab6.2/Lab6.2-Bridging-Header.h";
				SWIFT_VERSION = 4.0;
				TARGETED_DEVICE_FAMILY = "1,2";
			};
			name = Release;
		};
/* End XCBuildConfiguration section */

/* Begin XCConfigurationList section */
		A2A1084E23538909001DACD9 /* Build configuration list for PBXProject "Lab6.2" */ = {
			isa = XCConfigurationList;
			buildConfigurations = (
				A2A1086323538909001DACD9 /* Debug */,
				A2A1086423538909001DACD9 /* Release */,
			);
			defaultConfigurationIsVisible = 0;
			defaultConfigurationName = Release;
		};
		A2A1086523538909001DACD9 /* Build configuration list for PBXNativeTarget "Lab6.2" */ = {
			isa = XCConfigurationList;
			buildConfigurations = (
				A2A1086623538909001DACD9 /* Debug */,
				A2A1086723538909001DACD9 /* Release */,
			);
			defaultConfigurationIsVisible = 0;
			defaultConfigurationName = Release;
		};
/* End XCConfigurationList section */
	};
	rootObject = A2A1084B23538909001DACD9 /* Project object */;
}
