// !$*UTF8*$!
{
	archiveVersion = 1;
	classes = {
	};
	objectVersion = 48;
	objects = {

/* Begin PBXBuildFile section */
		A2ADD8BE232ACFF400BC5D01 /* AppDelegate.swift in Sources */ = {isa = PBXBuildFile; fileRef = A2ADD8BD232ACFF400BC5D01 /* AppDelegate.swift */; };
		A2ADD8C0232ACFF400BC5D01 /* ViewController.swift in Sources */ = {isa = PBXBuildFile; fileRef = A2ADD8BF232ACFF400BC5D01 /* ViewController.swift */; };
		A2ADD8C3232ACFF400BC5D01 /* Main.storyboard in Resources */ = {isa = PBXBuildFile; fileRef = A2ADD8C1232ACFF400BC5D01 /* Main.storyboard */; };
		A2ADD8C5232ACFF400BC5D01 /* Assets.xcassets in Resources */ = {isa = PBXBuildFile; fileRef = A2ADD8C4232ACFF400BC5D01 /* Assets.xcassets */; };
		A2ADD8C8232ACFF400BC5D01 /* LaunchScreen.storyboard in Resources */ = {isa = PBXBuildFile; fileRef = A2ADD8C6232ACFF400BC5D01 /* LaunchScreen.storyboard */; };
/* End PBXBuildFile section */

/* Begin PBXFileReference section */
		A2ADD8BA232ACFF400BC5D01 /* Lab3.2.app */ = {isa = PBXFileReference; explicitFileType = wrapper.application; includeInIndex = 0; path = Lab3.2.app; sourceTree = BUILT_PRODUCTS_DIR; };
		A2ADD8BD232ACFF400BC5D01 /* AppDelegate.swift */ = {isa = PBXFileReference; lastKnownFileType = sourcecode.swift; path = AppDelegate.swift; sourceTree = "<group>"; };
		A2ADD8BF232ACFF400BC5D01 /* ViewController.swift */ = {isa = PBXFileReference; lastKnownFileType = sourcecode.swift; path = ViewController.swift; sourceTree = "<group>"; };
		A2ADD8C2232ACFF400BC5D01 /* Base */ = {isa = PBXFileReference; lastKnownFileType = file.storyboard; name = Base; path = Base.lproj/Main.storyboard; sourceTree = "<group>"; };
		A2ADD8C4232ACFF400BC5D01 /* Assets.xcassets */ = {isa = PBXFileReference; lastKnownFileType = folder.assetcatalog; path = Assets.xcassets; sourceTree = "<group>"; };
		A2ADD8C7232ACFF400BC5D01 /* Base */ = {isa = PBXFileReference; lastKnownFileType = file.storyboard; name = Base; path = Base.lproj/LaunchScreen.storyboard; sourceTree = "<group>"; };
		A2ADD8C9232ACFF400BC5D01 /* Info.plist */ = {isa = PBXFileReference; lastKnownFileType = text.plist.xml; path = Info.plist; sourceTree = "<group>"; };
/* End PBXFileReference section */

/* Begin PBXFrameworksBuildPhase section */
		A2ADD8B7232ACFF400BC5D01 /* Frameworks */ = {
			isa = PBXFrameworksBuildPhase;
			buildActionMask = 2147483647;
			files = (
			);
			runOnlyForDeploymentPostprocessing = 0;
		};
/* End PBXFrameworksBuildPhase section */

/* Begin PBXGroup section */
		A2ADD8B1232ACFF400BC5D01 = {
			isa = PBXGroup;
			children = (
				A2ADD8BC232ACFF400BC5D01 /* Lab3.2 */,
				A2ADD8BB232ACFF400BC5D01 /* Products */,
			);
			sourceTree = "<group>";
		};
		A2ADD8BB232ACFF400BC5D01 /* Products */ = {
			isa = PBXGroup;
			children = (
				A2ADD8BA232ACFF400BC5D01 /* Lab3.2.app */,
			);
			name = Products;
			sourceTree = "<group>";
		};
		A2ADD8BC232ACFF400BC5D01 /* Lab3.2 */ = {
			isa = PBXGroup;
			children = (
				A2ADD8BD232ACFF400BC5D01 /* AppDelegate.swift */,
				A2ADD8BF232ACFF400BC5D01 /* ViewController.swift */,
				A2ADD8C1232ACFF400BC5D01 /* Main.storyboard */,
				A2ADD8C4232ACFF400BC5D01 /* Assets.xcassets */,
				A2ADD8C6232ACFF400BC5D01 /* LaunchScreen.storyboard */,
				A2ADD8C9232ACFF400BC5D01 /* Info.plist */,
			);
			path = Lab3.2;
			sourceTree = "<group>";
		};
/* End PBXGroup section */

/* Begin PBXNativeTarget section */
		A2ADD8B9232ACFF400BC5D01 /* Lab3.2 */ = {
			isa = PBXNativeTarget;
			buildConfigurationList = A2ADD8CC232ACFF400BC5D01 /* Build configuration list for PBXNativeTarget "Lab3.2" */;
			buildPhases = (
				A2ADD8B6232ACFF400BC5D01 /* Sources */,
				A2ADD8B7232ACFF400BC5D01 /* Frameworks */,
				A2ADD8B8232ACFF400BC5D01 /* Resources */,
			);
			buildRules = (
			);
			dependencies = (
			);
			name = Lab3.2;
			productName = Lab3.2;
			productReference = A2ADD8BA232ACFF400BC5D01 /* Lab3.2.app */;
			productType = "com.apple.product-type.application";
		};
/* End PBXNativeTarget section */

/* Begin PBXProject section */
		A2ADD8B2232ACFF400BC5D01 /* Project object */ = {
			isa = PBXProject;
			attributes = {
				LastSwiftUpdateCheck = 0920;
				LastUpgradeCheck = 0920;
				ORGANIZATIONNAME = "Toni K";
				TargetAttributes = {
					A2ADD8B9232ACFF400BC5D01 = {
						CreatedOnToolsVersion = 9.2;
						ProvisioningStyle = Automatic;
					};
				};
			};
			buildConfigurationList = A2ADD8B5232ACFF400BC5D01 /* Build configuration list for PBXProject "Lab3.2" */;
			compatibilityVersion = "Xcode 8.0";
			developmentRegion = en;
			hasScannedForEncodings = 0;
			knownRegions = (
				en,
				Base,
			);
			mainGroup = A2ADD8B1232ACFF400BC5D01;
			productRefGroup = A2ADD8BB232ACFF400BC5D01 /* Products */;
			projectDirPath = "";
			projectRoot = "";
			targets = (
				A2ADD8B9232ACFF400BC5D01 /* Lab3.2 */,
			);
		};
/* End PBXProject section */

/* Begin PBXResourcesBuildPhase section */
		A2ADD8B8232ACFF400BC5D01 /* Resources */ = {
			isa = PBXResourcesBuildPhase;
			buildActionMask = 2147483647;
			files = (
				A2ADD8C8232ACFF400BC5D01 /* LaunchScreen.storyboard in Resources */,
				A2ADD8C5232ACFF400BC5D01 /* Assets.xcassets in Resources */,
				A2ADD8C3232ACFF400BC5D01 /* Main.storyboard in Resources */,
			);
			runOnlyForDeploymentPostprocessing = 0;
		};
/* End PBXResourcesBuildPhase section */

/* Begin PBXSourcesBuildPhase section */
		A2ADD8B6232ACFF400BC5D01 /* Sources */ = {
			isa = PBXSourcesBuildPhase;
			buildActionMask = 2147483647;
			files = (
				A2ADD8C0232ACFF400BC5D01 /* ViewController.swift in Sources */,
				A2ADD8BE232ACFF400BC5D01 /* AppDelegate.swift in Sources */,
			);
			runOnlyForDeploymentPostprocessing = 0;
		};
/* End PBXSourcesBuildPhase section */

/* Begin PBXVariantGroup section */
		A2ADD8C1232ACFF400BC5D01 /* Main.storyboard */ = {
			isa = PBXVariantGroup;
			children = (
				A2ADD8C2232ACFF400BC5D01 /* Base */,
			);
			name = Main.storyboard;
			sourceTree = "<group>";
		};
		A2ADD8C6232ACFF400BC5D01 /* LaunchScreen.storyboard */ = {
			isa = PBXVariantGroup;
			children = (
				A2ADD8C7232ACFF400BC5D01 /* Base */,
			);
			name = LaunchScreen.storyboard;
			sourceTree = "<group>";
		};
/* End PBXVariantGroup section */

/* Begin XCBuildConfiguration section */
		A2ADD8CA232ACFF400BC5D01 /* Debug */ = {
			isa = XCBuildConfiguration;
			buildSettings = {
				ALWAYS_SEARCH_USER_PATHS = NO;
				CLANG_ANALYZER_NONNULL = YES;
				CLANG_ANALYZER_NUMBER_OBJECT_CONVERSION = YES_AGGRESSIVE;
				CLANG_CXX_LANGUAGE_STANDARD = "gnu++14";
				CLANG_CXX_LIBRARY = "libc++";
				CLANG_ENABLE_MODULES = YES;
				CLANG_ENABLE_OBJC_ARC = YES;
				CLANG_WARN_BLOCK_CAPTURE_AUTORELEASING = YES;
				CLANG_WARN_BOOL_CONVERSION = YES;
				CLANG_WARN_COMMA = YES;
				CLANG_WARN_CONSTANT_CONVERSION = YES;
				CLANG_WARN_DIRECT_OBJC_ISA_USAGE = YES_ERROR;
				CLANG_WARN_DOCUMENTATION_COMMENTS = YES;
				CLANG_WARN_EMPTY_BODY = YES;
				CLANG_WARN_ENUM_CONVERSION = YES;
				CLANG_WARN_INFINITE_RECURSION = YES;
				CLANG_WARN_INT_CONVERSION = YES;
				CLANG_WARN_NON_LITERAL_NULL_CONVERSION = YES;
				CLANG_WARN_OBJC_LITERAL_CONVERSION = YES;
				CLANG_WARN_OBJC_ROOT_CLASS = YES_ERROR;
				CLANG_WARN_RANGE_LOOP_ANALYSIS = YES;
				CLANG_WARN_STRICT_PROTOTYPES = YES;
				CLANG_WARN_SUSPICIOUS_MOVE = YES;
				CLANG_WARN_UNGUARDED_AVAILABILITY = YES_AGGRESSIVE;
				CLANG_WARN_UNREACHABLE_CODE = YES;
				CLANG_WARN__DUPLICATE_METHOD_MATCH = YES;
				CODE_SIGN_IDENTITY = "iPhone Developer";
				COPY_PHASE_STRIP = NO;
				DEBUG_INFORMATION_FORMAT = dwarf;
				ENABLE_STRICT_OBJC_MSGSEND = YES;
				ENABLE_TESTABILITY = YES;
				GCC_C_LANGUAGE_STANDARD = gnu11;
				GCC_DYNAMIC_NO_PIC = NO;
				GCC_NO_COMMON_BLOCKS = YES;
				GCC_OPTIMIZATION_LEVEL = 0;
				GCC_PREPROCESSOR_DEFINITIONS = (
					"DEBUG=1",
					"$(inherited)",
				);
				GCC_WARN_64_TO_32_BIT_CONVERSION = YES;
				GCC_WARN_ABOUT_RETURN_TYPE = YES_ERROR;
				GCC_WARN_UNDECLARED_SELECTOR = YES;
				GCC_WARN_UNINITIALIZED_AUTOS = YES_AGGRESSIVE;
				GCC_WARN_UNUSED_FUNCTION = YES;
				GCC_WARN_UNUSED_VARIABLE = YES;
				IPHONEOS_DEPLOYMENT_TARGET = 11.2;
				MTL_ENABLE_DEBUG_INFO = YES;
				ONLY_ACTIVE_ARCH = YES;
				SDKROOT = iphoneos;
				SWIFT_ACTIVE_COMPILATION_CONDITIONS = DEBUG;
				SWIFT_OPTIMIZATION_LEVEL = "-Onone";
			};
			name = Debug;
		};
		A2ADD8CB232ACFF400BC5D01 /* Release */ = {
			isa = XCBuildConfiguration;
			buildSettings = {
				ALWAYS_SEARCH_USER_PATHS = NO;
				CLANG_ANALYZER_NONNULL = YES;
				CLANG_ANALYZER_NUMBER_OBJECT_CONVERSION = YES_AGGRESSIVE;
				CLANG_CXX_LANGUAGE_STANDARD = "gnu++14";
				CLANG_CXX_LIBRARY = "libc++";
				CLANG_ENABLE_MODULES = YES;
				CLANG_ENABLE_OBJC_ARC = YES;
				CLANG_WARN_BLOCK_CAPTURE_AUTORELEASING = YES;
				CLANG_WARN_BOOL_CONVERSION = YES;
				CLANG_WARN_COMMA = YES;
				CLANG_WARN_CONSTANT_CONVERSION = YES;
				CLANG_WARN_DIRECT_OBJC_ISA_USAGE = YES_ERROR;
				CLANG_WARN_DOCUMENTATION_COMMENTS = YES;
				CLANG_WARN_EMPTY_BODY = YES;
				CLANG_WARN_ENUM_CONVERSION = YES;
				CLANG_WARN_INFINITE_RECURSION = YES;
				CLANG_WARN_INT_CONVERSION = YES;
				CLANG_WARN_NON_LITERAL_NULL_CONVERSION = YES;
				CLANG_WARN_OBJC_LITERAL_CONVERSION = YES;
				CLANG_WARN_OBJC_ROOT_CLASS = YES_ERROR;
				CLANG_WARN_RANGE_LOOP_ANALYSIS = YES;
				CLANG_WARN_STRICT_PROTOTYPES = YES;
				CLANG_WARN_SUSPICIOUS_MOVE = YES;
				CLANG_WARN_UNGUARDED_AVAILABILITY = YES_AGGRESSIVE;
				CLANG_WARN_UNREACHABLE_CODE = YES;
				CLANG_WARN__DUPLICATE_METHOD_MATCH = YES;
				CODE_SIGN_IDENTITY = "iPhone Developer";
				COPY_PHASE_STRIP = NO;
				DEBUG_INFORMATION_FORMAT = "dwarf-with-dsym";
				ENABLE_NS_ASSERTIONS = NO;
				ENABLE_STRICT_OBJC_MSGSEND = YES;
				GCC_C_LANGUAGE_STANDARD = gnu11;
				GCC_NO_COMMON_BLOCKS = YES;
				GCC_WARN_64_TO_32_BIT_CONVERSION = YES;
				GCC_WARN_ABOUT_RETURN_TYPE = YES_ERROR;
				GCC_WARN_UNDECLARED_SELECTOR = YES;
				GCC_WARN_UNINITIALIZED_AUTOS = YES_AGGRESSIVE;
				GCC_WARN_UNUSED_FUNCTION = YES;
				GCC_WARN_UNUSED_VARIABLE = YES;
				IPHONEOS_DEPLOYMENT_TARGET = 11.2;
				MTL_ENABLE_DEBUG_INFO = NO;
				SDKROOT = iphoneos;
				SWIFT_OPTIMIZATION_LEVEL = "-Owholemodule";
				VALIDATE_PRODUCT = YES;
			};
			name = Release;
		};
		A2ADD8CD232ACFF400BC5D01 /* Debug */ = {
			isa = XCBuildConfiguration;
			buildSettings = {
				ASSETCATALOG_COMPILER_APPICON_NAME = AppIcon;
				CODE_SIGN_STYLE = Automatic;
				DEVELOPMENT_TEAM = Q84TDAGXPP;
				INFOPLIST_FILE = Lab3.2/Info.plist;
				LD_RUNPATH_SEARCH_PATHS = "$(inherited) @executable_path/Frameworks";
				PRODUCT_BUNDLE_IDENTIFIER = "com.tonik.Lab3-2";
				PRODUCT_NAME = "$(TARGET_NAME)";
				SWIFT_VERSION = 4.0;
				TARGETED_DEVICE_FAMILY = "1,2";
			};
			name = Debug;
		};
		A2ADD8CE232ACFF400BC5D01 /* Release */ = {
			isa = XCBuildConfiguration;
			buildSettings = {
				ASSETCATALOG_COMPILER_APPICON_NAME = AppIcon;
				CODE_SIGN_STYLE = Automatic;
				DEVELOPMENT_TEAM = Q84TDAGXPP;
				INFOPLIST_FILE = Lab3.2/Info.plist;
				LD_RUNPATH_SEARCH_PATHS = "$(inherited) @executable_path/Frameworks";
				PRODUCT_BUNDLE_IDENTIFIER = "com.tonik.Lab3-2";
				PRODUCT_NAME = "$(TARGET_NAME)";
				SWIFT_VERSION = 4.0;
				TARGETED_DEVICE_FAMILY = "1,2";
			};
			name = Release;
		};
/* End XCBuildConfiguration section */

/* Begin XCConfigurationList section */
		A2ADD8B5232ACFF400BC5D01 /* Build configuration list for PBXProject "Lab3.2" */ = {
			isa = XCConfigurationList;
			buildConfigurations = (
				A2ADD8CA232ACFF400BC5D01 /* Debug */,
				A2ADD8CB232ACFF400BC5D01 /* Release */,
			);
			defaultConfigurationIsVisible = 0;
			defaultConfigurationName = Release;
		};
		A2ADD8CC232ACFF400BC5D01 /* Build configuration list for PBXNativeTarget "Lab3.2" */ = {
			isa = XCConfigurationList;
			buildConfigurations = (
				A2ADD8CD232ACFF400BC5D01 /* Debug */,
				A2ADD8CE232ACFF400BC5D01 /* Release */,
			);
			defaultConfigurationIsVisible = 0;
			defaultConfigurationName = Release;
		};
/* End XCConfigurationList section */
	};
	rootObject = A2ADD8B2232ACFF400BC5D01 /* Project object */;
}
